
Microsoft Visual Studio Solution File, Format Version 12.00
# Visual Studio Version 16
VisualStudioVersion = 16.0.31321.278
MinimumVisualStudioVersion = 10.0.40219.1
Project("{FAE04EC0-301F-11D3-BF4B-00C04F79EFBC}") = "UnitTestDiscovery", "UnitTestDiscovery\UnitTestDiscovery.csproj", "{1A267DF2-1CC6-4513-8144-B18B09AE9F99}"
EndProject
Project("{FAE04EC0-301F-11D3-BF4B-00C04F79EFBC}") = "MstDiscovery", "MstDiscovery\MstDiscovery.csproj", "{5BD8C0CE-DAF2-4857-8082-AD06599FF68E}"
EndProject
Global
	GlobalSection(SolutionConfigurationPlatforms) = preSolution
		Debug|Any CPU = Debug|Any CPU
		Release|Any CPU = Release|Any CPU
	EndGlobalSection
	GlobalSection(ProjectConfigurationPlatforms) = postSolution
		{1A267DF2-1CC6-4513-8144-B18B09AE9F99}.Debug|Any CPU.ActiveCfg = Debug|Any CPU
		{1A267DF2-1CC6-4513-8144-B18B09AE9F99}.Debug|Any CPU.Build.0 = Debug|Any CPU
		{1A267DF2-1CC6-4513-8144-B18B09AE9F99}.Release|Any CPU.ActiveCfg = Release|Any CPU
		{1A267DF2-1CC6-4513-8144-B18B09AE9F99}.Release|Any CPU.Build.0 = Release|Any CPU
		{5BD8C0CE-DAF2-4857-8082-AD06599FF68E}.Debug|Any CPU.ActiveCfg = Debug|Any CPU
		{5BD8C0CE-DAF2-4857-8082-AD06599FF68E}.Debug|Any CPU.Build.0 = Debug|Any CPU
		{5BD8C0CE-DAF2-4857-8082-AD06599FF68E}.Release|Any CPU.ActiveCfg = Release|Any CPU
		{5BD8C0CE-DAF2-4857-8082-AD06599FF68E}.Release|Any CPU.Build.0 = Release|Any CPU
	EndGlobalSection
	GlobalSection(SolutionProperties) = preSolution
		HideSolutionNode = FALSE
	EndGlobalSection
	GlobalSection(ExtensibilityGlobals) = postSolution
		SolutionGuid = {A2CFDF44-2071-4AC9-B2FC-B47B3AABCE1F}
	EndGlobalSection
EndGlobal
